
Microsoft Visual Studio Solution File, Format Version 12.00
# Visual Studio Version 16
VisualStudioVersion = 16.0.30621.155
MinimumVisualStudioVersion = 10.0.40219.1
Project("{FAE04EC0-301F-11D3-BF4B-00C04F79EFBC}") = "ASPNETExample", "ASPNETExample\ASPNETExample.csproj", "{C0647D81-D194-44F3-A89B-E88368CD6665}"
EndProject
Project("{FAE04EC0-301F-11D3-BF4B-00C04F79EFBC}") = "Common", "Common\Common.csproj", "{2C1CD0BF-4554-40A9-BADA-95C7FA47EE9D}"
EndProject
Project("{FAE04EC0-301F-11D3-BF4B-00C04F79EFBC}") = "DataAccess", "DataAccess\DataAccess.csproj", "{A8A98F38-6E42-4D5F-B01F-44CED6D26E03}"
EndProject
Global
	GlobalSection(SolutionConfigurationPlatforms) = preSolution
		Debug|Any CPU = Debug|Any CPU
		Release|Any CPU = Release|Any CPU
	EndGlobalSection
	GlobalSection(ProjectConfigurationPlatforms) = postSolution
		{C0647D81-D194-44F3-A89B-E88368CD6665}.Debug|Any CPU.ActiveCfg = Debug|Any CPU
		{C0647D81-D194-44F3-A89B-E88368CD6665}.Debug|Any CPU.Build.0 = Debug|Any CPU
		{C0647D81-D194-44F3-A89B-E88368CD6665}.Release|Any CPU.ActiveCfg = Release|Any CPU
		{C0647D81-D194-44F3-A89B-E88368CD6665}.Release|Any CPU.Build.0 = Release|Any CPU
		{2C1CD0BF-4554-40A9-BADA-95C7FA47EE9D}.Debug|Any CPU.ActiveCfg = Debug|Any CPU
		{2C1CD0BF-4554-40A9-BADA-95C7FA47EE9D}.Debug|Any CPU.Build.0 = Debug|Any CPU
		{2C1CD0BF-4554-40A9-BADA-95C7FA47EE9D}.Release|Any CPU.ActiveCfg = Release|Any CPU
		{2C1CD0BF-4554-40A9-BADA-95C7FA47EE9D}.Release|Any CPU.Build.0 = Release|Any CPU
		{A8A98F38-6E42-4D5F-B01F-44CED6D26E03}.Debug|Any CPU.ActiveCfg = Debug|Any CPU
		{A8A98F38-6E42-4D5F-B01F-44CED6D26E03}.Debug|Any CPU.Build.0 = Debug|Any CPU
		{A8A98F38-6E42-4D5F-B01F-44CED6D26E03}.Release|Any CPU.ActiveCfg = Release|Any CPU
		{A8A98F38-6E42-4D5F-B01F-44CED6D26E03}.Release|Any CPU.Build.0 = Release|Any CPU
	EndGlobalSection
	GlobalSection(SolutionProperties) = preSolution
		HideSolutionNode = FALSE
	EndGlobalSection
	GlobalSection(ExtensibilityGlobals) = postSolution
		SolutionGuid = {3D6E0EAC-FB70-4F73-B79C-706C5103064F}
	EndGlobalSection
EndGlobal
